
Microsoft Visual Studio Solution File, Format Version 12.00
# Visual Studio Version 17
VisualStudioVersion = 17.9.34622.214
MinimumVisualStudioVersion = 10.0.40219.1
Project("{9A19103F-16F7-4668-BE54-9A1E7A4F7556}") = "UserPermissions.API", "UserPermissions.API\UserPermissions.API.csproj", "{1A0B563F-2901-4F7D-85AB-5B66B964D342}"
EndProject
Project("{9A19103F-16F7-4668-BE54-9A1E7A4F7556}") = "UserPermissions.Application", "UserPermissions.Application\UserPermissions.Application.csproj", "{E9DB8D04-F957-46FA-97BD-6DA8354E9DB7}"
EndProject
Project("{9A19103F-16F7-4668-BE54-9A1E7A4F7556}") = "UserPermissions.Domain", "UserPermissions.Domain\UserPermissions.Domain.csproj", "{9D34A6BE-7200-47A8-A751-B767591D9C91}"
EndProject
Project("{9A19103F-16F7-4668-BE54-9A1E7A4F7556}") = "UserPermissions.Infrastructure", "UserPermissions.Infrastructure\UserPermissions.Infrastructure.csproj", "{F7E0ADCF-3376-49D7-822C-98816F6B4DE8}"
EndProject
Project("{9A19103F-16F7-4668-BE54-9A1E7A4F7556}") = "UserPermissions.Tests", "UserPermissions.Tests\UserPermissions.Tests.csproj", "{1A87FB42-E184-4BFA-97F0-AD7AB3C7E723}"
EndProject
Project("{2150E333-8FDC-42A3-9474-1A3956D46DE8}") = "Solution Items", "Solution Items", "{BA937406-2E9B-491F-8825-A3B994DE916B}"
	ProjectSection(SolutionItems) = preProject
		docker-compose.yml = docker-compose.yml
	EndProjectSection
EndProject
Global
	GlobalSection(SolutionConfigurationPlatforms) = preSolution
		Debug|Any CPU = Debug|Any CPU
		Release|Any CPU = Release|Any CPU
	EndGlobalSection
	GlobalSection(ProjectConfigurationPlatforms) = postSolution
		{1A0B563F-2901-4F7D-85AB-5B66B964D342}.Debug|Any CPU.ActiveCfg = Debug|Any CPU
		{1A0B563F-2901-4F7D-85AB-5B66B964D342}.Debug|Any CPU.Build.0 = Debug|Any CPU
		{1A0B563F-2901-4F7D-85AB-5B66B964D342}.Release|Any CPU.ActiveCfg = Release|Any CPU
		{1A0B563F-2901-4F7D-85AB-5B66B964D342}.Release|Any CPU.Build.0 = Release|Any CPU
		{E9DB8D04-F957-46FA-97BD-6DA8354E9DB7}.Debug|Any CPU.ActiveCfg = Debug|Any CPU
		{E9DB8D04-F957-46FA-97BD-6DA8354E9DB7}.Debug|Any CPU.Build.0 = Debug|Any CPU
		{E9DB8D04-F957-46FA-97BD-6DA8354E9DB7}.Release|Any CPU.ActiveCfg = Release|Any CPU
		{E9DB8D04-F957-46FA-97BD-6DA8354E9DB7}.Release|Any CPU.Build.0 = Release|Any CPU
		{9D34A6BE-7200-47A8-A751-B767591D9C91}.Debug|Any CPU.ActiveCfg = Debug|Any CPU
		{9D34A6BE-7200-47A8-A751-B767591D9C91}.Debug|Any CPU.Build.0 = Debug|Any CPU
		{9D34A6BE-7200-47A8-A751-B767591D9C91}.Release|Any CPU.ActiveCfg = Release|Any CPU
		{9D34A6BE-7200-47A8-A751-B767591D9C91}.Release|Any CPU.Build.0 = Release|Any CPU
		{F7E0ADCF-3376-49D7-822C-98816F6B4DE8}.Debug|Any CPU.ActiveCfg = Debug|Any CPU
		{F7E0ADCF-3376-49D7-822C-98816F6B4DE8}.Debug|Any CPU.Build.0 = Debug|Any CPU
		{F7E0ADCF-3376-49D7-822C-98816F6B4DE8}.Release|Any CPU.ActiveCfg = Release|Any CPU
		{F7E0ADCF-3376-49D7-822C-98816F6B4DE8}.Release|Any CPU.Build.0 = Release|Any CPU
		{1A87FB42-E184-4BFA-97F0-AD7AB3C7E723}.Debug|Any CPU.ActiveCfg = Debug|Any CPU
		{1A87FB42-E184-4BFA-97F0-AD7AB3C7E723}.Debug|Any CPU.Build.0 = Debug|Any CPU
		{1A87FB42-E184-4BFA-97F0-AD7AB3C7E723}.Release|Any CPU.ActiveCfg = Release|Any CPU
		{1A87FB42-E184-4BFA-97F0-AD7AB3C7E723}.Release|Any CPU.Build.0 = Release|Any CPU
	EndGlobalSection
	GlobalSection(SolutionProperties) = preSolution
		HideSolutionNode = FALSE
	EndGlobalSection
	GlobalSection(ExtensibilityGlobals) = postSolution
		SolutionGuid = {8DE621FE-07FD-4F4B-BD28-5F700CE49629}
	EndGlobalSection
EndGlobal
